// !$*UTF8*$!
{
	archiveVersion = 1;
	classes = {
	};
	objectVersion = 46;
	objects = {

/* Begin PBXBuildFile section */
		2915D5F1240881EE00E2FA0B /* RNPlayPauseButton.swift in Sources */ = {isa = PBXBuildFile; fileRef = 2915D5F0240881EE00E2FA0B /* RNPlayPauseButton.swift */; };
		2915D5F32408820400E2FA0B /* RNSkipNextButton.swift in Sources */ = {isa = PBXBuildFile; fileRef = 2915D5F22408820400E2FA0B /* RNSkipNextButton.swift */; };
		2915D5F7240882BF00E2FA0B /* RNTimerDuration.swift in Sources */ = {isa = PBXBuildFile; fileRef = 2915D5F6240882BF00E2FA0B /* RNTimerDuration.swift */; };
		2915D5F924088C1D00E2FA0B /* RNPlaylist.swift in Sources */ = {isa = PBXBuildFile; fileRef = 2915D5F824088C1D00E2FA0B /* RNPlaylist.swift */; };
		2915D5FC24088CEE00E2FA0B /* Float+toTimerString.swift in Sources */ = {isa = PBXBuildFile; fileRef = 2915D5FB24088CEE00E2FA0B /* Float+toTimerString.swift */; };
		2923F6A5240A1BF100AED8AD /* RNTrackAlbumArt.swift in Sources */ = {isa = PBXBuildFile; fileRef = 2923F6A2240A1BF100AED8AD /* RNTrackAlbumArt.swift */; };
		2923F6A6240A1BF100AED8AD /* RNTrackTitle.swift in Sources */ = {isa = PBXBuildFile; fileRef = 2923F6A3240A1BF100AED8AD /* RNTrackTitle.swift */; };
		2923F6A7240A1BF100AED8AD /* RNTrackArtist.swift in Sources */ = {isa = PBXBuildFile; fileRef = 2923F6A4240A1BF100AED8AD /* RNTrackArtist.swift */; };
		2963BB2E2407019B006D23AB /* PlaylistModel.swift in Sources */ = {isa = PBXBuildFile; fileRef = 2963BB292407019B006D23AB /* PlaylistModel.swift */; };
		2963BB2F2407019B006D23AB /* PlayerQueue.swift in Sources */ = {isa = PBXBuildFile; fileRef = 2963BB2A2407019B006D23AB /* PlayerQueue.swift */; };
		2963BB302407019B006D23AB /* SwiftPlayer.swift in Sources */ = {isa = PBXBuildFile; fileRef = 2963BB2B2407019B006D23AB /* SwiftPlayer.swift */; };
		2963BB312407019B006D23AB /* PlayerModel.swift in Sources */ = {isa = PBXBuildFile; fileRef = 2963BB2C2407019B006D23AB /* PlayerModel.swift */; };
		2963BB322407019B006D23AB /* HysteriaManager.swift in Sources */ = {isa = PBXBuildFile; fileRef = 2963BB2D2407019B006D23AB /* HysteriaManager.swift */; };
		2963BB5F24071805006D23AB /* RNPlaybarSlider.swift in Sources */ = {isa = PBXBuildFile; fileRef = 2963BB5E24071805006D23AB /* RNPlaybarSlider.swift */; };
		296519382407420800DBD838 /* RNPlaylistEventEmitter.swift in Sources */ = {isa = PBXBuildFile; fileRef = 296519372407420800DBD838 /* RNPlaylistEventEmitter.swift */; };
		2968629024092A080009BFB8 /* RNSkipPrevButton.swift in Sources */ = {isa = PBXBuildFile; fileRef = 2968628F24092A080009BFB8 /* RNSkipPrevButton.swift */; };
		296862982409D8420009BFB8 /* RNTimerProgress.swift in Sources */ = {isa = PBXBuildFile; fileRef = 296862972409D8420009BFB8 /* RNTimerProgress.swift */; };
		29B4CAA92408DD810063F211 /* RNPlaylistGlobal.swift in Sources */ = {isa = PBXBuildFile; fileRef = 29B4CAA82408DD810063F211 /* RNPlaylistGlobal.swift */; };
		29B4CAAE2408FBF90063F211 /* RNPlaylistService.swift in Sources */ = {isa = PBXBuildFile; fileRef = 29B4CAAD2408FBF90063F211 /* RNPlaylistService.swift */; };
		29E7DEF5240496010038D65F /* HysteriaPlayer.m in Sources */ = {isa = PBXBuildFile; fileRef = 29E7DEF4240496010038D65F /* HysteriaPlayer.m */; };
		29E7DEF824049A140038D65F /* AVFoundation.framework in Frameworks */ = {isa = PBXBuildFile; fileRef = 29E7DEF724049A140038D65F /* AVFoundation.framework */; };
		29E7DEFA24049A1C0038D65F /* AudioToolbox.framework in Frameworks */ = {isa = PBXBuildFile; fileRef = 29E7DEF924049A1C0038D65F /* AudioToolbox.framework */; };
		29E7DEFC24049A240038D65F /* CoreMedia.framework in Frameworks */ = {isa = PBXBuildFile; fileRef = 29E7DEFB24049A240038D65F /* CoreMedia.framework */; };
		B3E7B58A1CC2AC0600A0062D /* Playlist.m in Sources */ = {isa = PBXBuildFile; fileRef = B3E7B5891CC2AC0600A0062D /* Playlist.m */; };
/* End PBXBuildFile section */

/* Begin PBXCopyFilesBuildPhase section */
		58B511D91A9E6C8500147676 /* CopyFiles */ = {
			isa = PBXCopyFilesBuildPhase;
			buildActionMask = 2147483647;
			dstPath = "include/$(PRODUCT_NAME)";
			dstSubfolderSpec = 16;
			files = (
			);
			runOnlyForDeploymentPostprocessing = 0;
		};
/* End PBXCopyFilesBuildPhase section */

/* Begin PBXFileReference section */
		134814201AA4EA6300B7C361 /* libPlaylist.a */ = {isa = PBXFileReference; explicitFileType = archive.ar; includeInIndex = 0; path = libPlaylist.a; sourceTree = BUILT_PRODUCTS_DIR; };
		2915D5F0240881EE00E2FA0B /* RNPlayPauseButton.swift */ = {isa = PBXFileReference; indentWidth = 2; lastKnownFileType = sourcecode.swift; path = RNPlayPauseButton.swift; sourceTree = "<group>"; tabWidth = 2; };
		2915D5F22408820400E2FA0B /* RNSkipNextButton.swift */ = {isa = PBXFileReference; indentWidth = 2; lastKnownFileType = sourcecode.swift; path = RNSkipNextButton.swift; sourceTree = "<group>"; tabWidth = 2; };
		2915D5F6240882BF00E2FA0B /* RNTimerDuration.swift */ = {isa = PBXFileReference; indentWidth = 2; lastKnownFileType = sourcecode.swift; path = RNTimerDuration.swift; sourceTree = "<group>"; tabWidth = 2; };
		2915D5F824088C1D00E2FA0B /* RNPlaylist.swift */ = {isa = PBXFileReference; indentWidth = 2; lastKnownFileType = sourcecode.swift; path = RNPlaylist.swift; sourceTree = "<group>"; tabWidth = 2; };
		2915D5FB24088CEE00E2FA0B /* Float+toTimerString.swift */ = {isa = PBXFileReference; lastKnownFileType = sourcecode.swift; path = "Float+toTimerString.swift"; sourceTree = "<group>"; };
		2923F6A2240A1BF100AED8AD /* RNTrackAlbumArt.swift */ = {isa = PBXFileReference; fileEncoding = 4; lastKnownFileType = sourcecode.swift; path = RNTrackAlbumArt.swift; sourceTree = "<group>"; };
		2923F6A3240A1BF100AED8AD /* RNTrackTitle.swift */ = {isa = PBXFileReference; fileEncoding = 4; lastKnownFileType = sourcecode.swift; path = RNTrackTitle.swift; sourceTree = "<group>"; };
		2923F6A4240A1BF100AED8AD /* RNTrackArtist.swift */ = {isa = PBXFileReference; fileEncoding = 4; lastKnownFileType = sourcecode.swift; path = RNTrackArtist.swift; sourceTree = "<group>"; };
		2963BB292407019B006D23AB /* PlaylistModel.swift */ = {isa = PBXFileReference; fileEncoding = 4; lastKnownFileType = sourcecode.swift; path = PlaylistModel.swift; sourceTree = "<group>"; };
		2963BB2A2407019B006D23AB /* PlayerQueue.swift */ = {isa = PBXFileReference; fileEncoding = 4; lastKnownFileType = sourcecode.swift; path = PlayerQueue.swift; sourceTree = "<group>"; };
		2963BB2B2407019B006D23AB /* SwiftPlayer.swift */ = {isa = PBXFileReference; fileEncoding = 4; indentWidth = 2; lastKnownFileType = sourcecode.swift; path = SwiftPlayer.swift; sourceTree = "<group>"; tabWidth = 2; };
		2963BB2C2407019B006D23AB /* PlayerModel.swift */ = {isa = PBXFileReference; fileEncoding = 4; lastKnownFileType = sourcecode.swift; path = PlayerModel.swift; sourceTree = "<group>"; };
		2963BB2D2407019B006D23AB /* HysteriaManager.swift */ = {isa = PBXFileReference; fileEncoding = 4; indentWidth = 2; lastKnownFileType = sourcecode.swift; path = HysteriaManager.swift; sourceTree = "<group>"; tabWidth = 2; };
		2963BB50240708D2006D23AB /* Playlist-Bridging-Header.h */ = {isa = PBXFileReference; fileEncoding = 4; lastKnownFileType = sourcecode.c.h; path = "Playlist-Bridging-Header.h"; sourceTree = "<group>"; };
		2963BB5E24071805006D23AB /* RNPlaybarSlider.swift */ = {isa = PBXFileReference; indentWidth = 2; lastKnownFileType = sourcecode.swift; path = RNPlaybarSlider.swift; sourceTree = "<group>"; tabWidth = 2; };
		296519372407420800DBD838 /* RNPlaylistEventEmitter.swift */ = {isa = PBXFileReference; indentWidth = 2; lastKnownFileType = sourcecode.swift; path = RNPlaylistEventEmitter.swift; sourceTree = "<group>"; tabWidth = 1; };
		2968628F24092A080009BFB8 /* RNSkipPrevButton.swift */ = {isa = PBXFileReference; indentWidth = 2; lastKnownFileType = sourcecode.swift; path = RNSkipPrevButton.swift; sourceTree = "<group>"; tabWidth = 2; };
		296862972409D8420009BFB8 /* RNTimerProgress.swift */ = {isa = PBXFileReference; indentWidth = 2; lastKnownFileType = sourcecode.swift; path = RNTimerProgress.swift; sourceTree = "<group>"; tabWidth = 2; };
		29B4CAA62408D08F0063F211 /* Images.xcassets */ = {isa = PBXFileReference; lastKnownFileType = folder.assetcatalog; path = Images.xcassets; sourceTree = "<group>"; };
		29B4CAA72408D08F0063F211 /* hiphop_playlist_full.json */ = {isa = PBXFileReference; fileEncoding = 4; lastKnownFileType = text.json; path = hiphop_playlist_full.json; sourceTree = "<group>"; };
		29B4CAA82408DD810063F211 /* RNPlaylistGlobal.swift */ = {isa = PBXFileReference; indentWidth = 2; lastKnownFileType = sourcecode.swift; path = RNPlaylistGlobal.swift; sourceTree = "<group>"; tabWidth = 2; };
		29B4CAAD2408FBF90063F211 /* RNPlaylistService.swift */ = {isa = PBXFileReference; indentWidth = 2; lastKnownFileType = sourcecode.swift; path = RNPlaylistService.swift; sourceTree = "<group>"; tabWidth = 2; };
		29E7DEF3240496010038D65F /* HysteriaPlayer.h */ = {isa = PBXFileReference; fileEncoding = 4; lastKnownFileType = sourcecode.c.h; path = HysteriaPlayer.h; sourceTree = "<group>"; };
		29E7DEF4240496010038D65F /* HysteriaPlayer.m */ = {isa = PBXFileReference; fileEncoding = 4; lastKnownFileType = sourcecode.c.objc; path = HysteriaPlayer.m; sourceTree = "<group>"; };
		29E7DEF724049A140038D65F /* AVFoundation.framework */ = {isa = PBXFileReference; lastKnownFileType = wrapper.framework; name = AVFoundation.framework; path = Platforms/MacOSX.platform/Developer/SDKs/MacOSX10.15.sdk/System/Library/Frameworks/AVFoundation.framework; sourceTree = DEVELOPER_DIR; };
		29E7DEF924049A1C0038D65F /* AudioToolbox.framework */ = {isa = PBXFileReference; lastKnownFileType = wrapper.framework; name = AudioToolbox.framework; path = Platforms/MacOSX.platform/Developer/SDKs/MacOSX10.15.sdk/System/Library/Frameworks/AudioToolbox.framework; sourceTree = DEVELOPER_DIR; };
		29E7DEFB24049A240038D65F /* CoreMedia.framework */ = {isa = PBXFileReference; lastKnownFileType = wrapper.framework; name = CoreMedia.framework; path = Platforms/MacOSX.platform/Developer/SDKs/MacOSX10.15.sdk/System/Library/Frameworks/CoreMedia.framework; sourceTree = DEVELOPER_DIR; };
		29E7DF092404A43F0038D65F /* point1sec.mp3 */ = {isa = PBXFileReference; lastKnownFileType = audio.mp3; path = point1sec.mp3; sourceTree = "<group>"; };
		29E7DF202404E17F0038D65F /* Playlist.h */ = {isa = PBXFileReference; lastKnownFileType = sourcecode.c.h; path = Playlist.h; sourceTree = "<group>"; };
		B3E7B5891CC2AC0600A0062D /* Playlist.m */ = {isa = PBXFileReference; fileEncoding = 4; lastKnownFileType = sourcecode.c.objc; path = Playlist.m; sourceTree = "<group>"; };
/* End PBXFileReference section */

/* Begin PBXFrameworksBuildPhase section */
		58B511D81A9E6C8500147676 /* Frameworks */ = {
			isa = PBXFrameworksBuildPhase;
			buildActionMask = 2147483647;
			files = (
				29E7DEFC24049A240038D65F /* CoreMedia.framework in Frameworks */,
				29E7DEFA24049A1C0038D65F /* AudioToolbox.framework in Frameworks */,
				29E7DEF824049A140038D65F /* AVFoundation.framework in Frameworks */,
			);
			runOnlyForDeploymentPostprocessing = 0;
		};
/* End PBXFrameworksBuildPhase section */

/* Begin PBXGroup section */
		134814211AA4EA7D00B7C361 /* Products */ = {
			isa = PBXGroup;
			children = (
				134814201AA4EA6300B7C361 /* libPlaylist.a */,
			);
			name = Products;
			sourceTree = "<group>";
		};
		2915D5FA24088CD500E2FA0B /* Extensions */ = {
			isa = PBXGroup;
			children = (
				2915D5FB24088CEE00E2FA0B /* Float+toTimerString.swift */,
			);
			path = Extensions;
			sourceTree = "<group>";
		};
		2963BB2724070075006D23AB /* RNPlaylist */ = {
			isa = PBXGroup;
			children = (
				29E7DEF2240496010038D65F /* HysteriaPlayer */,
				2963BB2824070161006D23AB /* HysteriaSwiftManager */,
				2915D5FA24088CD500E2FA0B /* Extensions */,
				2963BB33240704AD006D23AB /* UIControls */,
				29B4CAA82408DD810063F211 /* RNPlaylistGlobal.swift */,
				296519372407420800DBD838 /* RNPlaylistEventEmitter.swift */,
				29B4CAAD2408FBF90063F211 /* RNPlaylistService.swift */,
				2915D5F824088C1D00E2FA0B /* RNPlaylist.swift */,
				29E7DF202404E17F0038D65F /* Playlist.h */,
				B3E7B5891CC2AC0600A0062D /* Playlist.m */,
			);
			path = RNPlaylist;
			sourceTree = "<group>";
		};
		2963BB2824070161006D23AB /* HysteriaSwiftManager */ = {
			isa = PBXGroup;
			children = (
				2963BB2D2407019B006D23AB /* HysteriaManager.swift */,
				2963BB2B2407019B006D23AB /* SwiftPlayer.swift */,
				2963BB292407019B006D23AB /* PlaylistModel.swift */,
				2963BB2C2407019B006D23AB /* PlayerModel.swift */,
				2963BB2A2407019B006D23AB /* PlayerQueue.swift */,
			);
			path = HysteriaSwiftManager;
			sourceTree = "<group>";
		};
		2963BB33240704AD006D23AB /* UIControls */ = {
			isa = PBXGroup;
			children = (
				2963BB5E24071805006D23AB /* RNPlaybarSlider.swift */,
				2915D5F0240881EE00E2FA0B /* RNPlayPauseButton.swift */,
				2915D5F22408820400E2FA0B /* RNSkipNextButton.swift */,
				2968628F24092A080009BFB8 /* RNSkipPrevButton.swift */,
				2915D5F6240882BF00E2FA0B /* RNTimerDuration.swift */,
				296862972409D8420009BFB8 /* RNTimerProgress.swift */,
				2923F6A2240A1BF100AED8AD /* RNTrackAlbumArt.swift */,
				2923F6A4240A1BF100AED8AD /* RNTrackArtist.swift */,
				2923F6A3240A1BF100AED8AD /* RNTrackTitle.swift */,
			);
			path = UIControls;
			sourceTree = "<group>";
		};
		29E7DEF2240496010038D65F /* HysteriaPlayer */ = {
			isa = PBXGroup;
			children = (
				29E7DEF3240496010038D65F /* HysteriaPlayer.h */,
				29E7DEF4240496010038D65F /* HysteriaPlayer.m */,
			);
			path = HysteriaPlayer;
			sourceTree = "<group>";
		};
		29E7DEF624049A140038D65F /* Frameworks */ = {
			isa = PBXGroup;
			children = (
				29E7DEFB24049A240038D65F /* CoreMedia.framework */,
				29E7DEF924049A1C0038D65F /* AudioToolbox.framework */,
				29E7DEF724049A140038D65F /* AVFoundation.framework */,
			);
			name = Frameworks;
			sourceTree = "<group>";
		};
		29E7DF032404A3530038D65F /* Resources */ = {
			isa = PBXGroup;
			children = (
				29B4CAA72408D08F0063F211 /* hiphop_playlist_full.json */,
				29B4CAA62408D08F0063F211 /* Images.xcassets */,
				29E7DF092404A43F0038D65F /* point1sec.mp3 */,
			);
			path = Resources;
			sourceTree = "<group>";
		};
		58B511D21A9E6C8500147676 = {
			isa = PBXGroup;
			children = (
				2963BB50240708D2006D23AB /* Playlist-Bridging-Header.h */,
				2963BB2724070075006D23AB /* RNPlaylist */,
				134814211AA4EA7D00B7C361 /* Products */,
				29E7DF032404A3530038D65F /* Resources */,
				29E7DEF624049A140038D65F /* Frameworks */,
			);
			sourceTree = "<group>";
		};
/* End PBXGroup section */

/* Begin PBXNativeTarget section */
		58B511DA1A9E6C8500147676 /* Playlist */ = {
			isa = PBXNativeTarget;
			buildConfigurationList = 58B511EF1A9E6C8500147676 /* Build configuration list for PBXNativeTarget "Playlist" */;
			buildPhases = (
				58B511D71A9E6C8500147676 /* Sources */,
				58B511D81A9E6C8500147676 /* Frameworks */,
				58B511D91A9E6C8500147676 /* CopyFiles */,
			);
			buildRules = (
			);
			dependencies = (
			);
			name = Playlist;
			productName = RCTDataManager;
			productReference = 134814201AA4EA6300B7C361 /* libPlaylist.a */;
			productType = "com.apple.product-type.library.static";
		};
/* End PBXNativeTarget section */

/* Begin PBXProject section */
		58B511D31A9E6C8500147676 /* Project object */ = {
			isa = PBXProject;
			attributes = {
				LastUpgradeCheck = 0920;
				ORGANIZATIONNAME = Facebook;
				TargetAttributes = {
					58B511DA1A9E6C8500147676 = {
						CreatedOnToolsVersion = 6.1.1;
						LastSwiftMigration = 1130;
					};
				};
			};
			buildConfigurationList = 58B511D61A9E6C8500147676 /* Build configuration list for PBXProject "Playlist" */;
			compatibilityVersion = "Xcode 3.2";
			developmentRegion = English;
			hasScannedForEncodings = 0;
			knownRegions = (
				English,
				en,
				Base,
			);
			mainGroup = 58B511D21A9E6C8500147676;
			productRefGroup = 58B511D21A9E6C8500147676;
			projectDirPath = "";
			projectRoot = "";
			targets = (
				58B511DA1A9E6C8500147676 /* Playlist */,
			);
		};
/* End PBXProject section */

/* Begin PBXSourcesBuildPhase section */
		58B511D71A9E6C8500147676 /* Sources */ = {
			isa = PBXSourcesBuildPhase;
			buildActionMask = 2147483647;
			files = (
				2923F6A7240A1BF100AED8AD /* RNTrackArtist.swift in Sources */,
				2915D5F1240881EE00E2FA0B /* RNPlayPauseButton.swift in Sources */,
				2963BB302407019B006D23AB /* SwiftPlayer.swift in Sources */,
				2963BB312407019B006D23AB /* PlayerModel.swift in Sources */,
				2915D5FC24088CEE00E2FA0B /* Float+toTimerString.swift in Sources */,
				2915D5F924088C1D00E2FA0B /* RNPlaylist.swift in Sources */,
				29B4CAAE2408FBF90063F211 /* RNPlaylistService.swift in Sources */,
				B3E7B58A1CC2AC0600A0062D /* Playlist.m in Sources */,
				296862982409D8420009BFB8 /* RNTimerProgress.swift in Sources */,
				2923F6A6240A1BF100AED8AD /* RNTrackTitle.swift in Sources */,
				2968629024092A080009BFB8 /* RNSkipPrevButton.swift in Sources */,
				2915D5F7240882BF00E2FA0B /* RNTimerDuration.swift in Sources */,
				2915D5F32408820400E2FA0B /* RNSkipNextButton.swift in Sources */,
				2963BB2E2407019B006D23AB /* PlaylistModel.swift in Sources */,
				2963BB2F2407019B006D23AB /* PlayerQueue.swift in Sources */,
				2963BB322407019B006D23AB /* HysteriaManager.swift in Sources */,
				296519382407420800DBD838 /* RNPlaylistEventEmitter.swift in Sources */,
				2923F6A5240A1BF100AED8AD /* RNTrackAlbumArt.swift in Sources */,
				29B4CAA92408DD810063F211 /* RNPlaylistGlobal.swift in Sources */,
				29E7DEF5240496010038D65F /* HysteriaPlayer.m in Sources */,
				2963BB5F24071805006D23AB /* RNPlaybarSlider.swift in Sources */,
			);
			runOnlyForDeploymentPostprocessing = 0;
		};
/* End PBXSourcesBuildPhase section */

/* Begin XCBuildConfiguration section */
		58B511ED1A9E6C8500147676 /* Debug */ = {
			isa = XCBuildConfiguration;
			buildSettings = {
				ALWAYS_SEARCH_USER_PATHS = NO;
				CLANG_CXX_LANGUAGE_STANDARD = "gnu++0x";
				CLANG_CXX_LIBRARY = "libc++";
				CLANG_ENABLE_MODULES = YES;
				CLANG_ENABLE_OBJC_ARC = YES;
				CLANG_WARN_BLOCK_CAPTURE_AUTORELEASING = YES;
				CLANG_WARN_BOOL_CONVERSION = YES;
				CLANG_WARN_COMMA = YES;
				CLANG_WARN_CONSTANT_CONVERSION = YES;
				CLANG_WARN_DIRECT_OBJC_ISA_USAGE = YES_ERROR;
				CLANG_WARN_EMPTY_BODY = YES;
				CLANG_WARN_ENUM_CONVERSION = YES;
				CLANG_WARN_INFINITE_RECURSION = YES;
				CLANG_WARN_INT_CONVERSION = YES;
				CLANG_WARN_NON_LITERAL_NULL_CONVERSION = YES;
				CLANG_WARN_OBJC_LITERAL_CONVERSION = YES;
				CLANG_WARN_OBJC_ROOT_CLASS = YES_ERROR;
				CLANG_WARN_RANGE_LOOP_ANALYSIS = YES;
				CLANG_WARN_STRICT_PROTOTYPES = YES;
				CLANG_WARN_SUSPICIOUS_MOVE = YES;
				CLANG_WARN_UNREACHABLE_CODE = YES;
				CLANG_WARN__DUPLICATE_METHOD_MATCH = YES;
				COPY_PHASE_STRIP = NO;
				ENABLE_STRICT_OBJC_MSGSEND = YES;
				ENABLE_TESTABILITY = YES;
				GCC_C_LANGUAGE_STANDARD = gnu99;
				GCC_DYNAMIC_NO_PIC = NO;
				GCC_NO_COMMON_BLOCKS = YES;
				GCC_OPTIMIZATION_LEVEL = 0;
				GCC_PREPROCESSOR_DEFINITIONS = (
					"DEBUG=1",
					"$(inherited)",
				);
				GCC_SYMBOLS_PRIVATE_EXTERN = NO;
				GCC_WARN_64_TO_32_BIT_CONVERSION = YES;
				GCC_WARN_ABOUT_RETURN_TYPE = YES_ERROR;
				GCC_WARN_UNDECLARED_SELECTOR = YES;
				GCC_WARN_UNINITIALIZED_AUTOS = YES_AGGRESSIVE;
				GCC_WARN_UNUSED_FUNCTION = YES;
				GCC_WARN_UNUSED_VARIABLE = YES;
				IPHONEOS_DEPLOYMENT_TARGET = 8.0;
				MTL_ENABLE_DEBUG_INFO = YES;
				ONLY_ACTIVE_ARCH = YES;
				SDKROOT = iphoneos;
			};
			name = Debug;
		};
		58B511EE1A9E6C8500147676 /* Release */ = {
			isa = XCBuildConfiguration;
			buildSettings = {
				ALWAYS_SEARCH_USER_PATHS = NO;
				CLANG_CXX_LANGUAGE_STANDARD = "gnu++0x";
				CLANG_CXX_LIBRARY = "libc++";
				CLANG_ENABLE_MODULES = YES;
				CLANG_ENABLE_OBJC_ARC = YES;
				CLANG_WARN_BLOCK_CAPTURE_AUTORELEASING = YES;
				CLANG_WARN_BOOL_CONVERSION = YES;
				CLANG_WARN_COMMA = YES;
				CLANG_WARN_CONSTANT_CONVERSION = YES;
				CLANG_WARN_DIRECT_OBJC_ISA_USAGE = YES_ERROR;
				CLANG_WARN_EMPTY_BODY = YES;
				CLANG_WARN_ENUM_CONVERSION = YES;
				CLANG_WARN_INFINITE_RECURSION = YES;
				CLANG_WARN_INT_CONVERSION = YES;
				CLANG_WARN_NON_LITERAL_NULL_CONVERSION = YES;
				CLANG_WARN_OBJC_LITERAL_CONVERSION = YES;
				CLANG_WARN_OBJC_ROOT_CLASS = YES_ERROR;
				CLANG_WARN_RANGE_LOOP_ANALYSIS = YES;
				CLANG_WARN_STRICT_PROTOTYPES = YES;
				CLANG_WARN_SUSPICIOUS_MOVE = YES;
				CLANG_WARN_UNREACHABLE_CODE = YES;
				CLANG_WARN__DUPLICATE_METHOD_MATCH = YES;
				COPY_PHASE_STRIP = YES;
				ENABLE_NS_ASSERTIONS = NO;
				ENABLE_STRICT_OBJC_MSGSEND = YES;
				GCC_C_LANGUAGE_STANDARD = gnu99;
				GCC_NO_COMMON_BLOCKS = YES;
				GCC_WARN_64_TO_32_BIT_CONVERSION = YES;
				GCC_WARN_ABOUT_RETURN_TYPE = YES_ERROR;
				GCC_WARN_UNDECLARED_SELECTOR = YES;
				GCC_WARN_UNINITIALIZED_AUTOS = YES_AGGRESSIVE;
				GCC_WARN_UNUSED_FUNCTION = YES;
				GCC_WARN_UNUSED_VARIABLE = YES;
				IPHONEOS_DEPLOYMENT_TARGET = 8.0;
				MTL_ENABLE_DEBUG_INFO = NO;
				SDKROOT = iphoneos;
				VALIDATE_PRODUCT = YES;
			};
			name = Release;
		};
		58B511F01A9E6C8500147676 /* Debug */ = {
			isa = XCBuildConfiguration;
			buildSettings = {
				ALWAYS_EMBED_SWIFT_STANDARD_LIBRARIES = NO;
				CLANG_ENABLE_MODULES = YES;
				DEFINES_MODULE = NO;
				HEADER_SEARCH_PATHS = (
					"$(inherited)",
					/Applications/Xcode.app/Contents/Developer/Toolchains/XcodeDefault.xctoolchain/usr/include,
					"$(SRCROOT)/../../../React/**",
					"$(SRCROOT)/../../react-native/React/**",
				);
				LD_RUNPATH_SEARCH_PATHS = "$(inherited) @executable_path/Frameworks @loader_path/Frameworks";
				LIBRARY_SEARCH_PATHS = "$(inherited)";
				OTHER_LDFLAGS = "-ObjC";
				PRODUCT_NAME = Playlist;
				SKIP_INSTALL = YES;
				SUPPORTED_PLATFORMS = "iphonesimulator iphoneos";
				SWIFT_INSTALL_OBJC_HEADER = YES;
				SWIFT_OBJC_BRIDGING_HEADER = "Playlist-Bridging-Header.h";
				SWIFT_OBJC_INTERFACE_HEADER_NAME = "$(SWIFT_MODULE_NAME)-Swift.h";
				SWIFT_OPTIMIZATION_LEVEL = "-Onone";
				SWIFT_VERSION = 5.0;
			};
			name = Debug;
		};
		58B511F11A9E6C8500147676 /* Release */ = {
			isa = XCBuildConfiguration;
			buildSettings = {
				ALWAYS_EMBED_SWIFT_STANDARD_LIBRARIES = NO;
				CLANG_ENABLE_MODULES = YES;
				DEFINES_MODULE = NO;
				HEADER_SEARCH_PATHS = (
					"$(inherited)",
					/Applications/Xcode.app/Contents/Developer/Toolchains/XcodeDefault.xctoolchain/usr/include,
					"$(SRCROOT)/../../../React/**",
					"$(SRCROOT)/../../react-native/React/**",
				);
				LD_RUNPATH_SEARCH_PATHS = "$(inherited) @executable_path/Frameworks @loader_path/Frameworks";
				LIBRARY_SEARCH_PATHS = "$(inherited)";
				OTHER_LDFLAGS = "-ObjC";
				PRODUCT_NAME = Playlist;
				SKIP_INSTALL = YES;
				SUPPORTED_PLATFORMS = "iphonesimulator iphoneos";
				SWIFT_INSTALL_OBJC_HEADER = YES;
				SWIFT_OBJC_BRIDGING_HEADER = "Playlist-Bridging-Header.h";
				SWIFT_OBJC_INTERFACE_HEADER_NAME = "$(SWIFT_MODULE_NAME)-Swift.h";
				SWIFT_VERSION = 5.0;
			};
			name = Release;
		};
/* End XCBuildConfiguration section */

/* Begin XCConfigurationList section */
		58B511D61A9E6C8500147676 /* Build configuration list for PBXProject "Playlist" */ = {
			isa = XCConfigurationList;
			buildConfigurations = (
				58B511ED1A9E6C8500147676 /* Debug */,
				58B511EE1A9E6C8500147676 /* Release */,
			);
			defaultConfigurationIsVisible = 0;
			defaultConfigurationName = Release;
		};
		58B511EF1A9E6C8500147676 /* Build configuration list for PBXNativeTarget "Playlist" */ = {
			isa = XCConfigurationList;
			buildConfigurations = (
				58B511F01A9E6C8500147676 /* Debug */,
				58B511F11A9E6C8500147676 /* Release */,
			);
			defaultConfigurationIsVisible = 0;
			defaultConfigurationName = Release;
		};
/* End XCConfigurationList section */
	};
	rootObject = 58B511D31A9E6C8500147676 /* Project object */;
}
